# This file is automatically @generated by Poetry and should not be changed by hand.

[[package]]
name = "fake-pup"
version = "1.0.0"
description = "Fake Farm Definition Service API"
category = "main"
optional = false
python-versions = "*"
files = []
develop = false

[package.dependencies]
fds-client = {git = "ssh://git@github.com/gdebeaupuis-plenty/fake-fds.git", rev = "0.0.1"}

[package.source]
type = "git"
url = "git@github.com:gdebeaupuis-plenty/fake-pup.git"
reference = "0.0.3"
resolved_reference = "7d462a75a444be03b8dbaa9f17162940c707d2ba"

[[package]]
name = "fds-client"
version = "1.0.0"
description = "Fake Farm Definition Service API"
category = "main"
optional = false
python-versions = "*"
files = []
develop = false

[package.source]
type = "git"
url = "ssh://git@github.com/gdebeaupuis-plenty/fake-fds.git"
reference = "0.0.1"
resolved_reference = "ec9799ab40966182614516a5ff004ad5136d3dc3"
subdirectory = "python/fds_client"

[metadata]
lock-version = "2.0"
python-versions = "^3.8"
content-hash = "528b1052947e639aef38fe0fa900d773699ff0f38c71f29978dffcc6e588d4b6"
